
Microsoft Visual Studio Solution File, Format Version 12.00
# Visual Studio Version 17
VisualStudioVersion = 17.0.31903.59
MinimumVisualStudioVersion = 10.0.40219.1
Project("{2150E333-8FDC-42A3-9474-1A3956D46DE8}") = "src", "src", "{827E0CD3-B72D-47B6-A68D-7590B98EB39B}"
EndProject
Project("{FAE04EC0-301F-11D3-BF4B-00C04F79EFBC}") = "DragonEnvelopes.Domain", "src\DragonEnvelopes.Domain\DragonEnvelopes.Domain.csproj", "{502B1013-4E4D-4D14-8185-5C4AAF2DE88F}"
EndProject
Project("{FAE04EC0-301F-11D3-BF4B-00C04F79EFBC}") = "DragonEnvelopes.Application", "src\DragonEnvelopes.Application\DragonEnvelopes.Application.csproj", "{034A1ED5-F99B-4542-9C83-45993A881DF0}"
EndProject
Project("{FAE04EC0-301F-11D3-BF4B-00C04F79EFBC}") = "DragonEnvelopes.Infrastructure", "src\DragonEnvelopes.Infrastructure\DragonEnvelopes.Infrastructure.csproj", "{21659B31-7229-44BC-A04F-276FA73E5B8E}"
EndProject
Project("{FAE04EC0-301F-11D3-BF4B-00C04F79EFBC}") = "DragonEnvelopes.Api", "src\DragonEnvelopes.Api\DragonEnvelopes.Api.csproj", "{1D09C4EA-54E0-4BED-9731-108110C3A805}"
EndProject
Project("{FAE04EC0-301F-11D3-BF4B-00C04F79EFBC}") = "DragonEnvelopes.Contracts", "src\DragonEnvelopes.Contracts\DragonEnvelopes.Contracts.csproj", "{6732278B-DFA7-44B1-A5C8-1BD7F3EF79BD}"
EndProject
Project("{FAE04EC0-301F-11D3-BF4B-00C04F79EFBC}") = "DragonEnvelopes.Desktop", "client\DragonEnvelopes.Desktop\DragonEnvelopes.Desktop.csproj", "{EFFE9B0C-053E-4DDF-9F7E-4AE805A3917C}"
EndProject
Project("{FAE04EC0-301F-11D3-BF4B-00C04F79EFBC}") = "DragonEnvelopes.Domain.Tests", "tests\DragonEnvelopes.Domain.Tests\DragonEnvelopes.Domain.Tests.csproj", "{256C5873-38E6-413F-B25D-7E3B028194DF}"
EndProject
Project("{FAE04EC0-301F-11D3-BF4B-00C04F79EFBC}") = "DragonEnvelopes.Application.Tests", "tests\DragonEnvelopes.Application.Tests\DragonEnvelopes.Application.Tests.csproj", "{A8B31B7F-9CF6-4625-AFC0-3FD436FF1291}"
EndProject
Project("{2150E333-8FDC-42A3-9474-1A3956D46DE8}") = "tests", "tests", "{0AB3BF05-4346-4AA6-1389-037BE0695223}"
EndProject
Project("{FAE04EC0-301F-11D3-BF4B-00C04F79EFBC}") = "DragonEnvelopes.Api.IntegrationTests", "tests\DragonEnvelopes.Api.IntegrationTests\DragonEnvelopes.Api.IntegrationTests.csproj", "{769ECDCA-C8E3-4182-AEF4-CB3C711D8ED0}"
EndProject
Project("{FAE04EC0-301F-11D3-BF4B-00C04F79EFBC}") = "DragonEnvelopes.Family.Api", "src\DragonEnvelopes.Family.Api\DragonEnvelopes.Family.Api.csproj", "{44E20C25-CC1C-4D63-BC29-1232110E7BD7}"
EndProject
Global
	GlobalSection(SolutionConfigurationPlatforms) = preSolution
		Debug|Any CPU = Debug|Any CPU
		Debug|x64 = Debug|x64
		Debug|x86 = Debug|x86
		Release|Any CPU = Release|Any CPU
		Release|x64 = Release|x64
		Release|x86 = Release|x86
	EndGlobalSection
	GlobalSection(ProjectConfigurationPlatforms) = postSolution
		{502B1013-4E4D-4D14-8185-5C4AAF2DE88F}.Debug|Any CPU.ActiveCfg = Debug|Any CPU
		{502B1013-4E4D-4D14-8185-5C4AAF2DE88F}.Debug|Any CPU.Build.0 = Debug|Any CPU
		{502B1013-4E4D-4D14-8185-5C4AAF2DE88F}.Debug|x64.ActiveCfg = Debug|Any CPU
		{502B1013-4E4D-4D14-8185-5C4AAF2DE88F}.Debug|x64.Build.0 = Debug|Any CPU
		{502B1013-4E4D-4D14-8185-5C4AAF2DE88F}.Debug|x86.ActiveCfg = Debug|Any CPU
		{502B1013-4E4D-4D14-8185-5C4AAF2DE88F}.Debug|x86.Build.0 = Debug|Any CPU
		{502B1013-4E4D-4D14-8185-5C4AAF2DE88F}.Release|Any CPU.ActiveCfg = Release|Any CPU
		{502B1013-4E4D-4D14-8185-5C4AAF2DE88F}.Release|Any CPU.Build.0 = Release|Any CPU
		{502B1013-4E4D-4D14-8185-5C4AAF2DE88F}.Release|x64.ActiveCfg = Release|Any CPU
		{502B1013-4E4D-4D14-8185-5C4AAF2DE88F}.Release|x64.Build.0 = Release|Any CPU
		{502B1013-4E4D-4D14-8185-5C4AAF2DE88F}.Release|x86.ActiveCfg = Release|Any CPU
		{502B1013-4E4D-4D14-8185-5C4AAF2DE88F}.Release|x86.Build.0 = Release|Any CPU
		{034A1ED5-F99B-4542-9C83-45993A881DF0}.Debug|Any CPU.ActiveCfg = Debug|Any CPU
		{034A1ED5-F99B-4542-9C83-45993A881DF0}.Debug|Any CPU.Build.0 = Debug|Any CPU
		{034A1ED5-F99B-4542-9C83-45993A881DF0}.Debug|x64.ActiveCfg = Debug|Any CPU
		{034A1ED5-F99B-4542-9C83-45993A881DF0}.Debug|x64.Build.0 = Debug|Any CPU
		{034A1ED5-F99B-4542-9C83-45993A881DF0}.Debug|x86.ActiveCfg = Debug|Any CPU
		{034A1ED5-F99B-4542-9C83-45993A881DF0}.Debug|x86.Build.0 = Debug|Any CPU
		{034A1ED5-F99B-4542-9C83-45993A881DF0}.Release|Any CPU.ActiveCfg = Release|Any CPU
		{034A1ED5-F99B-4542-9C83-45993A881DF0}.Release|Any CPU.Build.0 = Release|Any CPU
		{034A1ED5-F99B-4542-9C83-45993A881DF0}.Release|x64.ActiveCfg = Release|Any CPU
		{034A1ED5-F99B-4542-9C83-45993A881DF0}.Release|x64.Build.0 = Release|Any CPU
		{034A1ED5-F99B-4542-9C83-45993A881DF0}.Release|x86.ActiveCfg = Release|Any CPU
		{034A1ED5-F99B-4542-9C83-45993A881DF0}.Release|x86.Build.0 = Release|Any CPU
		{21659B31-7229-44BC-A04F-276FA73E5B8E}.Debug|Any CPU.ActiveCfg = Debug|Any CPU
		{21659B31-7229-44BC-A04F-276FA73E5B8E}.Debug|Any CPU.Build.0 = Debug|Any CPU
		{21659B31-7229-44BC-A04F-276FA73E5B8E}.Debug|x64.ActiveCfg = Debug|Any CPU
		{21659B31-7229-44BC-A04F-276FA73E5B8E}.Debug|x64.Build.0 = Debug|Any CPU
		{21659B31-7229-44BC-A04F-276FA73E5B8E}.Debug|x86.ActiveCfg = Debug|Any CPU
		{21659B31-7229-44BC-A04F-276FA73E5B8E}.Debug|x86.Build.0 = Debug|Any CPU
		{21659B31-7229-44BC-A04F-276FA73E5B8E}.Release|Any CPU.ActiveCfg = Release|Any CPU
		{21659B31-7229-44BC-A04F-276FA73E5B8E}.Release|Any CPU.Build.0 = Release|Any CPU
		{21659B31-7229-44BC-A04F-276FA73E5B8E}.Release|x64.ActiveCfg = Release|Any CPU
		{21659B31-7229-44BC-A04F-276FA73E5B8E}.Release|x64.Build.0 = Release|Any CPU
		{21659B31-7229-44BC-A04F-276FA73E5B8E}.Release|x86.ActiveCfg = Release|Any CPU
		{21659B31-7229-44BC-A04F-276FA73E5B8E}.Release|x86.Build.0 = Release|Any CPU
		{1D09C4EA-54E0-4BED-9731-108110C3A805}.Debug|Any CPU.ActiveCfg = Debug|Any CPU
		{1D09C4EA-54E0-4BED-9731-108110C3A805}.Debug|Any CPU.Build.0 = Debug|Any CPU
		{1D09C4EA-54E0-4BED-9731-108110C3A805}.Debug|x64.ActiveCfg = Debug|Any CPU
		{1D09C4EA-54E0-4BED-9731-108110C3A805}.Debug|x64.Build.0 = Debug|Any CPU
		{1D09C4EA-54E0-4BED-9731-108110C3A805}.Debug|x86.ActiveCfg = Debug|Any CPU
		{1D09C4EA-54E0-4BED-9731-108110C3A805}.Debug|x86.Build.0 = Debug|Any CPU
		{1D09C4EA-54E0-4BED-9731-108110C3A805}.Release|Any CPU.ActiveCfg = Release|Any CPU
		{1D09C4EA-54E0-4BED-9731-108110C3A805}.Release|Any CPU.Build.0 = Release|Any CPU
		{1D09C4EA-54E0-4BED-9731-108110C3A805}.Release|x64.ActiveCfg = Release|Any CPU
		{1D09C4EA-54E0-4BED-9731-108110C3A805}.Release|x64.Build.0 = Release|Any CPU
		{1D09C4EA-54E0-4BED-9731-108110C3A805}.Release|x86.ActiveCfg = Release|Any CPU
		{1D09C4EA-54E0-4BED-9731-108110C3A805}.Release|x86.Build.0 = Release|Any CPU
		{6732278B-DFA7-44B1-A5C8-1BD7F3EF79BD}.Debug|Any CPU.ActiveCfg = Debug|Any CPU
		{6732278B-DFA7-44B1-A5C8-1BD7F3EF79BD}.Debug|Any CPU.Build.0 = Debug|Any CPU
		{6732278B-DFA7-44B1-A5C8-1BD7F3EF79BD}.Debug|x64.ActiveCfg = Debug|Any CPU
		{6732278B-DFA7-44B1-A5C8-1BD7F3EF79BD}.Debug|x64.Build.0 = Debug|Any CPU
		{6732278B-DFA7-44B1-A5C8-1BD7F3EF79BD}.Debug|x86.ActiveCfg = Debug|Any CPU
		{6732278B-DFA7-44B1-A5C8-1BD7F3EF79BD}.Debug|x86.Build.0 = Debug|Any CPU
		{6732278B-DFA7-44B1-A5C8-1BD7F3EF79BD}.Release|Any CPU.ActiveCfg = Release|Any CPU
		{6732278B-DFA7-44B1-A5C8-1BD7F3EF79BD}.Release|Any CPU.Build.0 = Release|Any CPU
		{6732278B-DFA7-44B1-A5C8-1BD7F3EF79BD}.Release|x64.ActiveCfg = Release|Any CPU
		{6732278B-DFA7-44B1-A5C8-1BD7F3EF79BD}.Release|x64.Build.0 = Release|Any CPU
		{6732278B-DFA7-44B1-A5C8-1BD7F3EF79BD}.Release|x86.ActiveCfg = Release|Any CPU
		{6732278B-DFA7-44B1-A5C8-1BD7F3EF79BD}.Release|x86.Build.0 = Release|Any CPU
		{EFFE9B0C-053E-4DDF-9F7E-4AE805A3917C}.Debug|Any CPU.ActiveCfg = Debug|Any CPU
		{EFFE9B0C-053E-4DDF-9F7E-4AE805A3917C}.Debug|Any CPU.Build.0 = Debug|Any CPU
		{EFFE9B0C-053E-4DDF-9F7E-4AE805A3917C}.Debug|x64.ActiveCfg = Debug|Any CPU
		{EFFE9B0C-053E-4DDF-9F7E-4AE805A3917C}.Debug|x64.Build.0 = Debug|Any CPU
		{EFFE9B0C-053E-4DDF-9F7E-4AE805A3917C}.Debug|x86.ActiveCfg = Debug|Any CPU
		{EFFE9B0C-053E-4DDF-9F7E-4AE805A3917C}.Debug|x86.Build.0 = Debug|Any CPU
		{EFFE9B0C-053E-4DDF-9F7E-4AE805A3917C}.Release|Any CPU.ActiveCfg = Release|Any CPU
		{EFFE9B0C-053E-4DDF-9F7E-4AE805A3917C}.Release|Any CPU.Build.0 = Release|Any CPU
		{EFFE9B0C-053E-4DDF-9F7E-4AE805A3917C}.Release|x64.ActiveCfg = Release|Any CPU
		{EFFE9B0C-053E-4DDF-9F7E-4AE805A3917C}.Release|x64.Build.0 = Release|Any CPU
		{EFFE9B0C-053E-4DDF-9F7E-4AE805A3917C}.Release|x86.ActiveCfg = Release|Any CPU
		{EFFE9B0C-053E-4DDF-9F7E-4AE805A3917C}.Release|x86.Build.0 = Release|Any CPU
		{256C5873-38E6-413F-B25D-7E3B028194DF}.Debug|Any CPU.ActiveCfg = Debug|Any CPU
		{256C5873-38E6-413F-B25D-7E3B028194DF}.Debug|Any CPU.Build.0 = Debug|Any CPU
		{256C5873-38E6-413F-B25D-7E3B028194DF}.Debug|x64.ActiveCfg = Debug|Any CPU
		{256C5873-38E6-413F-B25D-7E3B028194DF}.Debug|x64.Build.0 = Debug|Any CPU
		{256C5873-38E6-413F-B25D-7E3B028194DF}.Debug|x86.ActiveCfg = Debug|Any CPU
		{256C5873-38E6-413F-B25D-7E3B028194DF}.Debug|x86.Build.0 = Debug|Any CPU
		{256C5873-38E6-413F-B25D-7E3B028194DF}.Release|Any CPU.ActiveCfg = Release|Any CPU
		{256C5873-38E6-413F-B25D-7E3B028194DF}.Release|Any CPU.Build.0 = Release|Any CPU
		{256C5873-38E6-413F-B25D-7E3B028194DF}.Release|x64.ActiveCfg = Release|Any CPU
		{256C5873-38E6-413F-B25D-7E3B028194DF}.Release|x64.Build.0 = Release|Any CPU
		{256C5873-38E6-413F-B25D-7E3B028194DF}.Release|x86.ActiveCfg = Release|Any CPU
		{256C5873-38E6-413F-B25D-7E3B028194DF}.Release|x86.Build.0 = Release|Any CPU
		{A8B31B7F-9CF6-4625-AFC0-3FD436FF1291}.Debug|Any CPU.ActiveCfg = Debug|Any CPU
		{A8B31B7F-9CF6-4625-AFC0-3FD436FF1291}.Debug|Any CPU.Build.0 = Debug|Any CPU
		{A8B31B7F-9CF6-4625-AFC0-3FD436FF1291}.Debug|x64.ActiveCfg = Debug|Any CPU
		{A8B31B7F-9CF6-4625-AFC0-3FD436FF1291}.Debug|x64.Build.0 = Debug|Any CPU
		{A8B31B7F-9CF6-4625-AFC0-3FD436FF1291}.Debug|x86.ActiveCfg = Debug|Any CPU
		{A8B31B7F-9CF6-4625-AFC0-3FD436FF1291}.Debug|x86.Build.0 = Debug|Any CPU
		{A8B31B7F-9CF6-4625-AFC0-3FD436FF1291}.Release|Any CPU.ActiveCfg = Release|Any CPU
		{A8B31B7F-9CF6-4625-AFC0-3FD436FF1291}.Release|Any CPU.Build.0 = Release|Any CPU
		{A8B31B7F-9CF6-4625-AFC0-3FD436FF1291}.Release|x64.ActiveCfg = Release|Any CPU
		{A8B31B7F-9CF6-4625-AFC0-3FD436FF1291}.Release|x64.Build.0 = Release|Any CPU
		{A8B31B7F-9CF6-4625-AFC0-3FD436FF1291}.Release|x86.ActiveCfg = Release|Any CPU
		{A8B31B7F-9CF6-4625-AFC0-3FD436FF1291}.Release|x86.Build.0 = Release|Any CPU
		{769ECDCA-C8E3-4182-AEF4-CB3C711D8ED0}.Debug|Any CPU.ActiveCfg = Debug|Any CPU
		{769ECDCA-C8E3-4182-AEF4-CB3C711D8ED0}.Debug|Any CPU.Build.0 = Debug|Any CPU
		{769ECDCA-C8E3-4182-AEF4-CB3C711D8ED0}.Debug|x64.ActiveCfg = Debug|Any CPU
		{769ECDCA-C8E3-4182-AEF4-CB3C711D8ED0}.Debug|x64.Build.0 = Debug|Any CPU
		{769ECDCA-C8E3-4182-AEF4-CB3C711D8ED0}.Debug|x86.ActiveCfg = Debug|Any CPU
		{769ECDCA-C8E3-4182-AEF4-CB3C711D8ED0}.Debug|x86.Build.0 = Debug|Any CPU
		{769ECDCA-C8E3-4182-AEF4-CB3C711D8ED0}.Release|Any CPU.ActiveCfg = Release|Any CPU
		{769ECDCA-C8E3-4182-AEF4-CB3C711D8ED0}.Release|Any CPU.Build.0 = Release|Any CPU
		{769ECDCA-C8E3-4182-AEF4-CB3C711D8ED0}.Release|x64.ActiveCfg = Release|Any CPU
		{769ECDCA-C8E3-4182-AEF4-CB3C711D8ED0}.Release|x64.Build.0 = Release|Any CPU
		{769ECDCA-C8E3-4182-AEF4-CB3C711D8ED0}.Release|x86.ActiveCfg = Release|Any CPU
		{769ECDCA-C8E3-4182-AEF4-CB3C711D8ED0}.Release|x86.Build.0 = Release|Any CPU
		{44E20C25-CC1C-4D63-BC29-1232110E7BD7}.Debug|Any CPU.ActiveCfg = Debug|Any CPU
		{44E20C25-CC1C-4D63-BC29-1232110E7BD7}.Debug|Any CPU.Build.0 = Debug|Any CPU
		{44E20C25-CC1C-4D63-BC29-1232110E7BD7}.Debug|x64.ActiveCfg = Debug|Any CPU
		{44E20C25-CC1C-4D63-BC29-1232110E7BD7}.Debug|x64.Build.0 = Debug|Any CPU
		{44E20C25-CC1C-4D63-BC29-1232110E7BD7}.Debug|x86.ActiveCfg = Debug|Any CPU
		{44E20C25-CC1C-4D63-BC29-1232110E7BD7}.Debug|x86.Build.0 = Debug|Any CPU
		{44E20C25-CC1C-4D63-BC29-1232110E7BD7}.Release|Any CPU.ActiveCfg = Release|Any CPU
		{44E20C25-CC1C-4D63-BC29-1232110E7BD7}.Release|Any CPU.Build.0 = Release|Any CPU
		{44E20C25-CC1C-4D63-BC29-1232110E7BD7}.Release|x64.ActiveCfg = Release|Any CPU
		{44E20C25-CC1C-4D63-BC29-1232110E7BD7}.Release|x64.Build.0 = Release|Any CPU
		{44E20C25-CC1C-4D63-BC29-1232110E7BD7}.Release|x86.ActiveCfg = Release|Any CPU
		{44E20C25-CC1C-4D63-BC29-1232110E7BD7}.Release|x86.Build.0 = Release|Any CPU
	EndGlobalSection
	GlobalSection(SolutionProperties) = preSolution
		HideSolutionNode = FALSE
	EndGlobalSection
	GlobalSection(NestedProjects) = preSolution
		{502B1013-4E4D-4D14-8185-5C4AAF2DE88F} = {827E0CD3-B72D-47B6-A68D-7590B98EB39B}
		{034A1ED5-F99B-4542-9C83-45993A881DF0} = {827E0CD3-B72D-47B6-A68D-7590B98EB39B}
		{21659B31-7229-44BC-A04F-276FA73E5B8E} = {827E0CD3-B72D-47B6-A68D-7590B98EB39B}
		{1D09C4EA-54E0-4BED-9731-108110C3A805} = {827E0CD3-B72D-47B6-A68D-7590B98EB39B}
		{6732278B-DFA7-44B1-A5C8-1BD7F3EF79BD} = {827E0CD3-B72D-47B6-A68D-7590B98EB39B}
		{EFFE9B0C-053E-4DDF-9F7E-4AE805A3917C} = {827E0CD3-B72D-47B6-A68D-7590B98EB39B}
		{256C5873-38E6-413F-B25D-7E3B028194DF} = {827E0CD3-B72D-47B6-A68D-7590B98EB39B}
		{A8B31B7F-9CF6-4625-AFC0-3FD436FF1291} = {827E0CD3-B72D-47B6-A68D-7590B98EB39B}
		{769ECDCA-C8E3-4182-AEF4-CB3C711D8ED0} = {0AB3BF05-4346-4AA6-1389-037BE0695223}
		{44E20C25-CC1C-4D63-BC29-1232110E7BD7} = {827E0CD3-B72D-47B6-A68D-7590B98EB39B}
	EndGlobalSection
EndGlobal
